
Microsoft Visual Studio Solution File, Format Version 12.00
# Visual Studio 15
VisualStudioVersion = 15.0.27004.2005
MinimumVisualStudioVersion = 10.0.40219.1
Project("{8BC9CEB8-8B4A-11D0-8D11-00A0C91BC942}") = "diann", "diann\diann.vcxproj", "{E668D433-A1C9-49B8-A035-B02680CF237A}"
	ProjectSection(ProjectDependencies) = postProject
		{20A421D0-565B-4560-8E72-148A9A1D0FDD} = {20A421D0-565B-4560-8E72-148A9A1D0FDD}
	EndProjectSection
EndProject
Project("{54435603-DBB4-11D2-8724-00A0C9A8B90C}") = "DIA-NN-Setup", "Setup\Setup.vdproj", "{C70FECC1-2763-4FE7-9EA1-0E9B95434A4F}"
	ProjectSection(ProjectDependencies) = postProject
		{3826421A-B5FD-4EDF-99F4-E0261F1E9486} = {3826421A-B5FD-4EDF-99F4-E0261F1E9486}
		{F12D0EDC-CB4D-46F0-8CB4-F0A6146744CF} = {F12D0EDC-CB4D-46F0-8CB4-F0A6146744CF}
	EndProjectSection
EndProject
Project("{8BC9CEB8-8B4A-11D0-8D11-00A0C91BC942}") = "WiffReader", "WiffReader\WiffReader.vcxproj", "{F12D0EDC-CB4D-46F0-8CB4-F0A6146744CF}"
EndProject
Project("{FAE04EC0-301F-11D3-BF4B-00C04F79EFBC}") = "DIA-NN GUI", "GUI\GUI\DIA-NN GUI.csproj", "{3826421A-B5FD-4EDF-99F4-E0261F1E9486}"
EndProject
Project("{8BC9CEB8-8B4A-11D0-8D11-00A0C91BC942}") = "Predictor", "Predictor\Predictor.vcxproj", "{20A421D0-565B-4560-8E72-148A9A1D0FDD}"
EndProject
Global
	GlobalSection(SolutionConfigurationPlatforms) = preSolution
		Debug|Any CPU = Debug|Any CPU
		Debug|x64 = Debug|x64
		Debug|x86 = Debug|x86
		Deploy|Any CPU = Deploy|Any CPU
		Deploy|x64 = Deploy|x64
		Deploy|x86 = Deploy|x86
		Release|Any CPU = Release|Any CPU
		Release|x64 = Release|x64
		Release|x86 = Release|x86
		Test|Any CPU = Test|Any CPU
		Test|x64 = Test|x64
		Test|x86 = Test|x86
	EndGlobalSection
	GlobalSection(ProjectConfigurationPlatforms) = postSolution
		{E668D433-A1C9-49B8-A035-B02680CF237A}.Debug|Any CPU.ActiveCfg = Debug|Win32
		{E668D433-A1C9-49B8-A035-B02680CF237A}.Debug|x64.ActiveCfg = Debug|x64
		{E668D433-A1C9-49B8-A035-B02680CF237A}.Debug|x64.Build.0 = Debug|x64
		{E668D433-A1C9-49B8-A035-B02680CF237A}.Debug|x86.ActiveCfg = Debug|Win32
		{E668D433-A1C9-49B8-A035-B02680CF237A}.Debug|x86.Build.0 = Debug|Win32
		{E668D433-A1C9-49B8-A035-B02680CF237A}.Deploy|Any CPU.ActiveCfg = Deploy|Win32
		{E668D433-A1C9-49B8-A035-B02680CF237A}.Deploy|x64.ActiveCfg = Deploy|x64
		{E668D433-A1C9-49B8-A035-B02680CF237A}.Deploy|x64.Build.0 = Deploy|x64
		{E668D433-A1C9-49B8-A035-B02680CF237A}.Deploy|x86.ActiveCfg = Deploy|Win32
		{E668D433-A1C9-49B8-A035-B02680CF237A}.Deploy|x86.Build.0 = Deploy|Win32
		{E668D433-A1C9-49B8-A035-B02680CF237A}.Release|Any CPU.ActiveCfg = Release|Win32
		{E668D433-A1C9-49B8-A035-B02680CF237A}.Release|x64.ActiveCfg = Release|x64
		{E668D433-A1C9-49B8-A035-B02680CF237A}.Release|x64.Build.0 = Release|x64
		{E668D433-A1C9-49B8-A035-B02680CF237A}.Release|x86.ActiveCfg = Release|Win32
		{E668D433-A1C9-49B8-A035-B02680CF237A}.Release|x86.Build.0 = Release|Win32
		{E668D433-A1C9-49B8-A035-B02680CF237A}.Test|Any CPU.ActiveCfg = Release|x64
		{E668D433-A1C9-49B8-A035-B02680CF237A}.Test|Any CPU.Build.0 = Release|x64
		{E668D433-A1C9-49B8-A035-B02680CF237A}.Test|x64.ActiveCfg = Release|x64
		{E668D433-A1C9-49B8-A035-B02680CF237A}.Test|x64.Build.0 = Release|x64
		{E668D433-A1C9-49B8-A035-B02680CF237A}.Test|x86.ActiveCfg = Release|Win32
		{E668D433-A1C9-49B8-A035-B02680CF237A}.Test|x86.Build.0 = Release|Win32
		{C70FECC1-2763-4FE7-9EA1-0E9B95434A4F}.Debug|Any CPU.ActiveCfg = Deploy
		{C70FECC1-2763-4FE7-9EA1-0E9B95434A4F}.Debug|Any CPU.Build.0 = Deploy
		{C70FECC1-2763-4FE7-9EA1-0E9B95434A4F}.Debug|x64.ActiveCfg = Deploy
		{C70FECC1-2763-4FE7-9EA1-0E9B95434A4F}.Debug|x86.ActiveCfg = Deploy
		{C70FECC1-2763-4FE7-9EA1-0E9B95434A4F}.Debug|x86.Build.0 = Deploy
		{C70FECC1-2763-4FE7-9EA1-0E9B95434A4F}.Deploy|Any CPU.ActiveCfg = Deploy
		{C70FECC1-2763-4FE7-9EA1-0E9B95434A4F}.Deploy|x64.ActiveCfg = Deploy
		{C70FECC1-2763-4FE7-9EA1-0E9B95434A4F}.Deploy|x86.ActiveCfg = Deploy
		{C70FECC1-2763-4FE7-9EA1-0E9B95434A4F}.Deploy|x86.Build.0 = Deploy
		{C70FECC1-2763-4FE7-9EA1-0E9B95434A4F}.Release|Any CPU.ActiveCfg = Deploy
		{C70FECC1-2763-4FE7-9EA1-0E9B95434A4F}.Release|Any CPU.Build.0 = Deploy
		{C70FECC1-2763-4FE7-9EA1-0E9B95434A4F}.Release|x64.ActiveCfg = Deploy
		{C70FECC1-2763-4FE7-9EA1-0E9B95434A4F}.Release|x86.ActiveCfg = Deploy
		{C70FECC1-2763-4FE7-9EA1-0E9B95434A4F}.Release|x86.Build.0 = Deploy
		{C70FECC1-2763-4FE7-9EA1-0E9B95434A4F}.Test|Any CPU.ActiveCfg = Deploy
		{C70FECC1-2763-4FE7-9EA1-0E9B95434A4F}.Test|Any CPU.Build.0 = Deploy
		{C70FECC1-2763-4FE7-9EA1-0E9B95434A4F}.Test|x64.ActiveCfg = Deploy
		{C70FECC1-2763-4FE7-9EA1-0E9B95434A4F}.Test|x64.Build.0 = Deploy
		{C70FECC1-2763-4FE7-9EA1-0E9B95434A4F}.Test|x86.ActiveCfg = Deploy
		{C70FECC1-2763-4FE7-9EA1-0E9B95434A4F}.Test|x86.Build.0 = Deploy
		{F12D0EDC-CB4D-46F0-8CB4-F0A6146744CF}.Debug|Any CPU.ActiveCfg = Debug|Win32
		{F12D0EDC-CB4D-46F0-8CB4-F0A6146744CF}.Debug|x64.ActiveCfg = Debug|x64
		{F12D0EDC-CB4D-46F0-8CB4-F0A6146744CF}.Debug|x86.ActiveCfg = Debug|Win32
		{F12D0EDC-CB4D-46F0-8CB4-F0A6146744CF}.Debug|x86.Build.0 = Debug|Win32
		{F12D0EDC-CB4D-46F0-8CB4-F0A6146744CF}.Deploy|Any CPU.ActiveCfg = Deploy|Win32
		{F12D0EDC-CB4D-46F0-8CB4-F0A6146744CF}.Deploy|x64.ActiveCfg = Deploy|x64
		{F12D0EDC-CB4D-46F0-8CB4-F0A6146744CF}.Deploy|x64.Build.0 = Deploy|x64
		{F12D0EDC-CB4D-46F0-8CB4-F0A6146744CF}.Deploy|x86.ActiveCfg = Deploy|Win32
		{F12D0EDC-CB4D-46F0-8CB4-F0A6146744CF}.Deploy|x86.Build.0 = Deploy|Win32
		{F12D0EDC-CB4D-46F0-8CB4-F0A6146744CF}.Release|Any CPU.ActiveCfg = Release|Win32
		{F12D0EDC-CB4D-46F0-8CB4-F0A6146744CF}.Release|x64.ActiveCfg = Release|x64
		{F12D0EDC-CB4D-46F0-8CB4-F0A6146744CF}.Release|x64.Build.0 = Release|x64
		{F12D0EDC-CB4D-46F0-8CB4-F0A6146744CF}.Release|x86.ActiveCfg = Release|Win32
		{F12D0EDC-CB4D-46F0-8CB4-F0A6146744CF}.Release|x86.Build.0 = Release|Win32
		{F12D0EDC-CB4D-46F0-8CB4-F0A6146744CF}.Test|Any CPU.ActiveCfg = Release|x64
		{F12D0EDC-CB4D-46F0-8CB4-F0A6146744CF}.Test|Any CPU.Build.0 = Release|x64
		{F12D0EDC-CB4D-46F0-8CB4-F0A6146744CF}.Test|x64.ActiveCfg = Release|x64
		{F12D0EDC-CB4D-46F0-8CB4-F0A6146744CF}.Test|x64.Build.0 = Release|x64
		{F12D0EDC-CB4D-46F0-8CB4-F0A6146744CF}.Test|x86.ActiveCfg = Release|Win32
		{F12D0EDC-CB4D-46F0-8CB4-F0A6146744CF}.Test|x86.Build.0 = Release|Win32
		{3826421A-B5FD-4EDF-99F4-E0261F1E9486}.Debug|Any CPU.ActiveCfg = Deploy|Any CPU
		{3826421A-B5FD-4EDF-99F4-E0261F1E9486}.Debug|Any CPU.Build.0 = Deploy|Any CPU
		{3826421A-B5FD-4EDF-99F4-E0261F1E9486}.Debug|x64.ActiveCfg = Deploy|Any CPU
		{3826421A-B5FD-4EDF-99F4-E0261F1E9486}.Debug|x64.Build.0 = Deploy|Any CPU
		{3826421A-B5FD-4EDF-99F4-E0261F1E9486}.Debug|x86.ActiveCfg = Deploy|Any CPU
		{3826421A-B5FD-4EDF-99F4-E0261F1E9486}.Debug|x86.Build.0 = Deploy|Any CPU
		{3826421A-B5FD-4EDF-99F4-E0261F1E9486}.Deploy|Any CPU.ActiveCfg = Deploy|Any CPU
		{3826421A-B5FD-4EDF-99F4-E0261F1E9486}.Deploy|Any CPU.Build.0 = Deploy|Any CPU
		{3826421A-B5FD-4EDF-99F4-E0261F1E9486}.Deploy|x64.ActiveCfg = Deploy|Any CPU
		{3826421A-B5FD-4EDF-99F4-E0261F1E9486}.Deploy|x64.Build.0 = Deploy|Any CPU
		{3826421A-B5FD-4EDF-99F4-E0261F1E9486}.Deploy|x86.ActiveCfg = Deploy|Any CPU
		{3826421A-B5FD-4EDF-99F4-E0261F1E9486}.Deploy|x86.Build.0 = Deploy|Any CPU
		{3826421A-B5FD-4EDF-99F4-E0261F1E9486}.Release|Any CPU.ActiveCfg = Deploy|Any CPU
		{3826421A-B5FD-4EDF-99F4-E0261F1E9486}.Release|Any CPU.Build.0 = Deploy|Any CPU
		{3826421A-B5FD-4EDF-99F4-E0261F1E9486}.Release|x64.ActiveCfg = Deploy|Any CPU
		{3826421A-B5FD-4EDF-99F4-E0261F1E9486}.Release|x64.Build.0 = Deploy|Any CPU
		{3826421A-B5FD-4EDF-99F4-E0261F1E9486}.Release|x86.ActiveCfg = Deploy|Any CPU
		{3826421A-B5FD-4EDF-99F4-E0261F1E9486}.Release|x86.Build.0 = Deploy|Any CPU
		{3826421A-B5FD-4EDF-99F4-E0261F1E9486}.Test|Any CPU.ActiveCfg = Deploy|Any CPU
		{3826421A-B5FD-4EDF-99F4-E0261F1E9486}.Test|Any CPU.Build.0 = Deploy|Any CPU
		{3826421A-B5FD-4EDF-99F4-E0261F1E9486}.Test|x64.ActiveCfg = Deploy|Any CPU
		{3826421A-B5FD-4EDF-99F4-E0261F1E9486}.Test|x64.Build.0 = Deploy|Any CPU
		{3826421A-B5FD-4EDF-99F4-E0261F1E9486}.Test|x86.ActiveCfg = Deploy|Any CPU
		{3826421A-B5FD-4EDF-99F4-E0261F1E9486}.Test|x86.Build.0 = Deploy|Any CPU
		{20A421D0-565B-4560-8E72-148A9A1D0FDD}.Debug|Any CPU.ActiveCfg = Release|x64
		{20A421D0-565B-4560-8E72-148A9A1D0FDD}.Debug|Any CPU.Build.0 = Release|x64
		{20A421D0-565B-4560-8E72-148A9A1D0FDD}.Debug|x64.ActiveCfg = Deploy|x64
		{20A421D0-565B-4560-8E72-148A9A1D0FDD}.Debug|x86.ActiveCfg = Deploy|Win32
		{20A421D0-565B-4560-8E72-148A9A1D0FDD}.Debug|x86.Build.0 = Deploy|Win32
		{20A421D0-565B-4560-8E72-148A9A1D0FDD}.Deploy|Any CPU.ActiveCfg = Deploy|Win32
		{20A421D0-565B-4560-8E72-148A9A1D0FDD}.Deploy|x64.ActiveCfg = Deploy|x64
		{20A421D0-565B-4560-8E72-148A9A1D0FDD}.Deploy|x64.Build.0 = Deploy|x64
		{20A421D0-565B-4560-8E72-148A9A1D0FDD}.Deploy|x86.ActiveCfg = Deploy|Win32
		{20A421D0-565B-4560-8E72-148A9A1D0FDD}.Deploy|x86.Build.0 = Deploy|Win32
		{20A421D0-565B-4560-8E72-148A9A1D0FDD}.Release|Any CPU.ActiveCfg = Deploy|Win32
		{20A421D0-565B-4560-8E72-148A9A1D0FDD}.Release|Any CPU.Build.0 = Deploy|Win32
		{20A421D0-565B-4560-8E72-148A9A1D0FDD}.Release|x64.ActiveCfg = Release|x64
		{20A421D0-565B-4560-8E72-148A9A1D0FDD}.Release|x86.ActiveCfg = Deploy|Win32
		{20A421D0-565B-4560-8E72-148A9A1D0FDD}.Release|x86.Build.0 = Deploy|Win32
		{20A421D0-565B-4560-8E72-148A9A1D0FDD}.Test|Any CPU.ActiveCfg = Release|x64
		{20A421D0-565B-4560-8E72-148A9A1D0FDD}.Test|Any CPU.Build.0 = Release|x64
		{20A421D0-565B-4560-8E72-148A9A1D0FDD}.Test|x64.ActiveCfg = Release|x64
		{20A421D0-565B-4560-8E72-148A9A1D0FDD}.Test|x64.Build.0 = Release|x64
		{20A421D0-565B-4560-8E72-148A9A1D0FDD}.Test|x86.ActiveCfg = Release|Win32
		{20A421D0-565B-4560-8E72-148A9A1D0FDD}.Test|x86.Build.0 = Release|Win32
	EndGlobalSection
	GlobalSection(SolutionProperties) = preSolution
		HideSolutionNode = FALSE
	EndGlobalSection
	GlobalSection(ExtensibilityGlobals) = postSolution
		SolutionGuid = {FBA73260-B5F5-4EE3-A1AB-BA413D0AB137}
	EndGlobalSection
EndGlobal
