<?xml version="1.0" encoding="utf-8"?>
<Project ToolsVersion="4.0" xmlns="http://schemas.microsoft.com/developer/msbuild/2003">
  <ItemGroup>
    <Filter Include="Source Files">
      <UniqueIdentifier>{4FC737F1-C7A5-4376-A066-2A32D752A2FF}</UniqueIdentifier>
      <Extensions>cpp;c;cc;cxx;def;odl;idl;hpj;bat;asm;asmx</Extensions>
    </Filter>
    <Filter Include="Header Files">
      <UniqueIdentifier>{93995380-89BD-4b04-88EB-625FBE52EBFB}</UniqueIdentifier>
      <Extensions>h;hh;hpp;hxx;hm;inl;inc;xsd</Extensions>
    </Filter>
    <Filter Include="Resource Files">
      <UniqueIdentifier>{67DA6AB6-F800-4c08-8B7A-83BB121AAD01}</UniqueIdentifier>
      <Extensions>rc;ico;cur;bmp;dlg;rc2;rct;bin;rgs;gif;jpg;jpeg;jpe;resx;tiff;tif;png;wav;mfcribbon-ms</Extensions>
    </Filter>
  </ItemGroup>
  <ItemGroup>
    <ClCompile Include="..\mstoolkit\src\expat-2.2.0\xmlparse.c">
      <Filter>Source Files</Filter>
    </ClCompile>
    <ClCompile Include="..\mstoolkit\src\expat-2.2.0\xmlrole.c">
      <Filter>Source Files</Filter>
    </ClCompile>
    <ClCompile Include="..\mstoolkit\src\expat-2.2.0\xmltok.c">
      <Filter>Source Files</Filter>
    </ClCompile>
    <ClCompile Include="..\mstoolkit\src\expat-2.2.0\xmltok_impl.c">
      <Filter>Source Files</Filter>
    </ClCompile>
    <ClCompile Include="..\mstoolkit\src\expat-2.2.0\xmltok_ns.c">
      <Filter>Source Files</Filter>
    </ClCompile>
    <ClCompile Include="..\mstoolkit\src\mzParser\BasicChromatogram.cpp">
      <Filter>Source Files</Filter>
    </ClCompile>
    <ClCompile Include="..\mstoolkit\src\mzParser\BasicSpectrum.cpp">
      <Filter>Source Files</Filter>
    </ClCompile>
    <ClCompile Include="..\mstoolkit\src\mzParser\Czran.cpp">
      <Filter>Source Files</Filter>
    </ClCompile>
    <ClCompile Include="..\mstoolkit\src\mzParser\mz5handler.cpp">
      <Filter>Source Files</Filter>
    </ClCompile>
    <ClCompile Include="..\mstoolkit\src\mzParser\mzp_base64.cpp">
      <Filter>Source Files</Filter>
    </ClCompile>
    <ClCompile Include="..\mstoolkit\src\mzParser\mzParser.cpp">
      <Filter>Source Files</Filter>
    </ClCompile>
    <ClCompile Include="..\mstoolkit\src\mzParser\mzpMz5Config.cpp">
      <Filter>Source Files</Filter>
    </ClCompile>
    <ClCompile Include="..\mstoolkit\src\mzParser\mzpMz5Structs.cpp">
      <Filter>Source Files</Filter>
    </ClCompile>
    <ClCompile Include="..\mstoolkit\src\mzParser\PWIZface.cpp">
      <Filter>Source Files</Filter>
    </ClCompile>
    <ClCompile Include="..\mstoolkit\src\mzParser\RAMPface.cpp">
      <Filter>Source Files</Filter>
    </ClCompile>
    <ClCompile Include="..\mstoolkit\src\mzParser\saxhandler.cpp">
      <Filter>Source Files</Filter>
    </ClCompile>
    <ClCompile Include="..\mstoolkit\src\mzParser\saxmzmlhandler.cpp">
      <Filter>Source Files</Filter>
    </ClCompile>
    <ClCompile Include="..\mstoolkit\src\mzParser\saxmzxmlhandler.cpp">
      <Filter>Source Files</Filter>
    </ClCompile>
    <ClCompile Include="..\mstoolkit\src\zlib-1.2.8\adler32.c">
      <Filter>Source Files</Filter>
    </ClCompile>
    <ClCompile Include="..\mstoolkit\src\zlib-1.2.8\compress.c">
      <Filter>Source Files</Filter>
    </ClCompile>
    <ClCompile Include="..\mstoolkit\src\zlib-1.2.8\crc32.c">
      <Filter>Source Files</Filter>
    </ClCompile>
    <ClCompile Include="..\mstoolkit\src\zlib-1.2.8\deflate.c">
      <Filter>Source Files</Filter>
    </ClCompile>
    <ClCompile Include="..\mstoolkit\src\zlib-1.2.8\gzclose.c">
      <Filter>Source Files</Filter>
    </ClCompile>
    <ClCompile Include="..\mstoolkit\src\zlib-1.2.8\gzlib.c">
      <Filter>Source Files</Filter>
    </ClCompile>
    <ClCompile Include="..\mstoolkit\src\zlib-1.2.8\gzread.c">
      <Filter>Source Files</Filter>
    </ClCompile>
    <ClCompile Include="..\mstoolkit\src\zlib-1.2.8\gzwrite.c">
      <Filter>Source Files</Filter>
    </ClCompile>
    <ClCompile Include="..\mstoolkit\src\zlib-1.2.8\infback.c">
      <Filter>Source Files</Filter>
    </ClCompile>
    <ClCompile Include="..\mstoolkit\src\zlib-1.2.8\inffast.c">
      <Filter>Source Files</Filter>
    </ClCompile>
    <ClCompile Include="..\mstoolkit\src\zlib-1.2.8\inflate.c">
      <Filter>Source Files</Filter>
    </ClCompile>
    <ClCompile Include="..\mstoolkit\src\zlib-1.2.8\inftrees.c">
      <Filter>Source Files</Filter>
    </ClCompile>
    <ClCompile Include="..\mstoolkit\src\zlib-1.2.8\trees.c">
      <Filter>Source Files</Filter>
    </ClCompile>
    <ClCompile Include="..\mstoolkit\src\zlib-1.2.8\uncompr.c">
      <Filter>Source Files</Filter>
    </ClCompile>
    <ClCompile Include="..\mstoolkit\src\zlib-1.2.8\zutil.c">
      <Filter>Source Files</Filter>
    </ClCompile>
    <ClCompile Include="..\src\diann.cpp">
      <Filter>Source Files</Filter>
    </ClCompile>
    <ClCompile Include="..\mstoolkit\src\MSToolkit\MSObject.cpp">
      <Filter>Source Files</Filter>
    </ClCompile>
    <ClCompile Include="..\mstoolkit\src\MSToolkit\MSReader.cpp">
      <Filter>Source Files</Filter>
    </ClCompile>
    <ClCompile Include="..\mstoolkit\src\MSToolkit\mzMLWriter.cpp">
      <Filter>Source Files</Filter>
    </ClCompile>
    <ClCompile Include="..\mstoolkit\src\MSToolkit\pepXMLWriter.cpp">
      <Filter>Source Files</Filter>
    </ClCompile>
    <ClCompile Include="..\mstoolkit\src\MSToolkit\Spectrum.cpp">
      <Filter>Source Files</Filter>
    </ClCompile>
    <ClCompile Include="..\mstoolkit\src\mzParser\MSNumpress.cpp">
      <Filter>Source Files</Filter>
    </ClCompile>
    <ClCompile Include="..\mstoolkit\src\MSToolkit\RAWReader.cpp">
      <Filter>Source Files</Filter>
    </ClCompile>
  </ItemGroup>
</Project>